
Microsoft Visual Studio Solution File, Format Version 12.00
# Visual Studio 15
VisualStudioVersion = 15.0.27428.2043
MinimumVisualStudioVersion = 10.0.40219.1
Project("{159641D6-6404-4A2A-AE62-294DE0FE8301}") = "Lab-01-Analisis", "Lab-01-Analisis\Lab-01-Analisis.dtproj", "{40805D31-9AD0-4F05-B804-8894980EBD16}"
EndProject
Global
	GlobalSection(SolutionConfigurationPlatforms) = preSolution
		Development|Default = Development|Default
	EndGlobalSection
	GlobalSection(ProjectConfigurationPlatforms) = postSolution
		{40805D31-9AD0-4F05-B804-8894980EBD16}.Development|Default.ActiveCfg = Development
		{40805D31-9AD0-4F05-B804-8894980EBD16}.Development|Default.Build.0 = Development
	EndGlobalSection
	GlobalSection(SolutionProperties) = preSolution
		HideSolutionNode = FALSE
	EndGlobalSection
	GlobalSection(ExtensibilityGlobals) = postSolution
		SolutionGuid = {4260B98E-237D-4A2A-AA1F-38C8F8B9872C}
	EndGlobalSection
EndGlobal
